// !$*UTF8*$!
{
	archiveVersion = 1;
	classes = {
	};
	objectVersion = 51;
	objects = {

/* Begin PBXBuildFile section */
		2F29594909DB256460661107 /* Pods_CDALocation.framework in Frameworks */ = {isa = PBXBuildFile; fileRef = 39809BDBA9B23DB6CAAF5140 /* Pods_CDALocation.framework */; };
		328493AF2644FB02000B1C13 /* AppDelegate.swift in Sources */ = {isa = PBXBuildFile; fileRef = 328493AE2644FB02000B1C13 /* AppDelegate.swift */; };
		328493B12644FB02000B1C13 /* SceneDelegate.swift in Sources */ = {isa = PBXBuildFile; fileRef = 328493B02644FB02000B1C13 /* SceneDelegate.swift */; };
		328493B32644FB02000B1C13 /* ViewController.swift in Sources */ = {isa = PBXBuildFile; fileRef = 328493B22644FB02000B1C13 /* ViewController.swift */; };
		328493B62644FB02000B1C13 /* Main.storyboard in Resources */ = {isa = PBXBuildFile; fileRef = 328493B42644FB02000B1C13 /* Main.storyboard */; };
		328493B82644FB05000B1C13 /* Assets.xcassets in Resources */ = {isa = PBXBuildFile; fileRef = 328493B72644FB05000B1C13 /* Assets.xcassets */; };
		328493BB2644FB05000B1C13 /* LaunchScreen.storyboard in Resources */ = {isa = PBXBuildFile; fileRef = 328493B92644FB05000B1C13 /* LaunchScreen.storyboard */; };
		328493C42644FBDA000B1C13 /* CDALocationManager.swift in Sources */ = {isa = PBXBuildFile; fileRef = 328493C32644FBDA000B1C13 /* CDALocationManager.swift */; };
/* End PBXBuildFile section */

/* Begin PBXFileReference section */
		1737AE69B1095055D43D4A42 /* Pods-CDALocation.release.xcconfig */ = {isa = PBXFileReference; includeInIndex = 1; lastKnownFileType = text.xcconfig; name = "Pods-CDALocation.release.xcconfig"; path = "Target Support Files/Pods-CDALocation/Pods-CDALocation.release.xcconfig"; sourceTree = "<group>"; };
		328493AB2644FB02000B1C13 /* CDALocation.app */ = {isa = PBXFileReference; explicitFileType = wrapper.application; includeInIndex = 0; path = CDALocation.app; sourceTree = BUILT_PRODUCTS_DIR; };
		328493AE2644FB02000B1C13 /* AppDelegate.swift */ = {isa = PBXFileReference; lastKnownFileType = sourcecode.swift; path = AppDelegate.swift; sourceTree = "<group>"; };
		328493B02644FB02000B1C13 /* SceneDelegate.swift */ = {isa = PBXFileReference; lastKnownFileType = sourcecode.swift; path = SceneDelegate.swift; sourceTree = "<group>"; };
		328493B22644FB02000B1C13 /* ViewController.swift */ = {isa = PBXFileReference; lastKnownFileType = sourcecode.swift; path = ViewController.swift; sourceTree = "<group>"; };
		328493B52644FB02000B1C13 /* Base */ = {isa = PBXFileReference; lastKnownFileType = file.storyboard; name = Base; path = Base.lproj/Main.storyboard; sourceTree = "<group>"; };
		328493B72644FB05000B1C13 /* Assets.xcassets */ = {isa = PBXFileReference; lastKnownFileType = folder.assetcatalog; path = Assets.xcassets; sourceTree = "<group>"; };
		328493BA2644FB05000B1C13 /* Base */ = {isa = PBXFileReference; lastKnownFileType = file.storyboard; name = Base; path = Base.lproj/LaunchScreen.storyboard; sourceTree = "<group>"; };
		328493BC2644FB05000B1C13 /* Info.plist */ = {isa = PBXFileReference; lastKnownFileType = text.plist.xml; path = Info.plist; sourceTree = "<group>"; };
		328493C32644FBDA000B1C13 /* CDALocationManager.swift */ = {isa = PBXFileReference; lastKnownFileType = sourcecode.swift; path = CDALocationManager.swift; sourceTree = "<group>"; };
		39809BDBA9B23DB6CAAF5140 /* Pods_CDALocation.framework */ = {isa = PBXFileReference; explicitFileType = wrapper.framework; includeInIndex = 0; path = Pods_CDALocation.framework; sourceTree = BUILT_PRODUCTS_DIR; };
		54349E38EE6E7903B96A46D1 /* Pods-CDALocation.debug.xcconfig */ = {isa = PBXFileReference; includeInIndex = 1; lastKnownFileType = text.xcconfig; name = "Pods-CDALocation.debug.xcconfig"; path = "Target Support Files/Pods-CDALocation/Pods-CDALocation.debug.xcconfig"; sourceTree = "<group>"; };
/* End PBXFileReference section */

/* Begin PBXFrameworksBuildPhase section */
		328493A82644FB02000B1C13 /* Frameworks */ = {
			isa = PBXFrameworksBuildPhase;
			buildActionMask = 2147483647;
			files = (
				2F29594909DB256460661107 /* Pods_CDALocation.framework in Frameworks */,
			);
			runOnlyForDeploymentPostprocessing = 0;
		};
/* End PBXFrameworksBuildPhase section */

/* Begin PBXGroup section */
		060B7EB1EDD66FB12078A4C4 /* Pods */ = {
			isa = PBXGroup;
			children = (
				54349E38EE6E7903B96A46D1 /* Pods-CDALocation.debug.xcconfig */,
				1737AE69B1095055D43D4A42 /* Pods-CDALocation.release.xcconfig */,
			);
			path = Pods;
			sourceTree = "<group>";
		};
		0825690702FD24ABEB165530 /* Frameworks */ = {
			isa = PBXGroup;
			children = (
				39809BDBA9B23DB6CAAF5140 /* Pods_CDALocation.framework */,
			);
			name = Frameworks;
			sourceTree = "<group>";
		};
		328493A22644FB01000B1C13 = {
			isa = PBXGroup;
			children = (
				328493AD2644FB02000B1C13 /* CDALocation */,
				328493AC2644FB02000B1C13 /* Products */,
				060B7EB1EDD66FB12078A4C4 /* Pods */,
				0825690702FD24ABEB165530 /* Frameworks */,
			);
			sourceTree = "<group>";
		};
		328493AC2644FB02000B1C13 /* Products */ = {
			isa = PBXGroup;
			children = (
				328493AB2644FB02000B1C13 /* CDALocation.app */,
			);
			name = Products;
			sourceTree = "<group>";
		};
		328493AD2644FB02000B1C13 /* CDALocation */ = {
			isa = PBXGroup;
			children = (
				328493C22644FBC4000B1C13 /* Classes */,
				328493AE2644FB02000B1C13 /* AppDelegate.swift */,
				328493B02644FB02000B1C13 /* SceneDelegate.swift */,
				328493B22644FB02000B1C13 /* ViewController.swift */,
				328493B42644FB02000B1C13 /* Main.storyboard */,
				328493B72644FB05000B1C13 /* Assets.xcassets */,
				328493B92644FB05000B1C13 /* LaunchScreen.storyboard */,
				328493BC2644FB05000B1C13 /* Info.plist */,
			);
			path = CDALocation;
			sourceTree = "<group>";
		};
		328493C22644FBC4000B1C13 /* Classes */ = {
			isa = PBXGroup;
			children = (
				328493C32644FBDA000B1C13 /* CDALocationManager.swift */,
			);
			path = Classes;
			sourceTree = "<group>";
		};
/* End PBXGroup section */

/* Begin PBXNativeTarget section */
		328493AA2644FB02000B1C13 /* CDALocation */ = {
			isa = PBXNativeTarget;
			buildConfigurationList = 328493BF2644FB05000B1C13 /* Build configuration list for PBXNativeTarget "CDALocation" */;
			buildPhases = (
				9D6A83E82603FF205BFEE76C /* [CP] Check Pods Manifest.lock */,
				328493A72644FB02000B1C13 /* Sources */,
				328493A82644FB02000B1C13 /* Frameworks */,
				328493A92644FB02000B1C13 /* Resources */,
				84206B164C794F34E9EBA2BC /* [CP] Embed Pods Frameworks */,
			);
			buildRules = (
			);
			dependencies = (
			);
			name = CDALocation;
			productName = CDALocation;
			productReference = 328493AB2644FB02000B1C13 /* CDALocation.app */;
			productType = "com.apple.product-type.application";
		};
/* End PBXNativeTarget section */

/* Begin PBXProject section */
		328493A32644FB01000B1C13 /* Project object */ = {
			isa = PBXProject;
			attributes = {
				LastSwiftUpdateCheck = 1250;
				LastUpgradeCheck = 1250;
				TargetAttributes = {
					328493AA2644FB02000B1C13 = {
						CreatedOnToolsVersion = 12.5;
					};
				};
			};
			buildConfigurationList = 328493A62644FB01000B1C13 /* Build configuration list for PBXProject "CDALocation" */;
			compatibilityVersion = "Xcode 9.3";
			developmentRegion = en;
			hasScannedForEncodings = 0;
			knownRegions = (
				en,
				Base,
			);
			mainGroup = 328493A22644FB01000B1C13;
			productRefGroup = 328493AC2644FB02000B1C13 /* Products */;
			projectDirPath = "";
			projectRoot = "";
			targets = (
				328493AA2644FB02000B1C13 /* CDALocation */,
			);
		};
/* End PBXProject section */

/* Begin PBXResourcesBuildPhase section */
		328493A92644FB02000B1C13 /* Resources */ = {
			isa = PBXResourcesBuildPhase;
			buildActionMask = 2147483647;
			files = (
				328493BB2644FB05000B1C13 /* LaunchScreen.storyboard in Resources */,
				328493B82644FB05000B1C13 /* Assets.xcassets in Resources */,
				328493B62644FB02000B1C13 /* Main.storyboard in Resources */,
			);
			runOnlyForDeploymentPostprocessing = 0;
		};
/* End PBXResourcesBuildPhase section */

/* Begin PBXShellScriptBuildPhase section */
		84206B164C794F34E9EBA2BC /* [CP] Embed Pods Frameworks */ = {
			isa = PBXShellScriptBuildPhase;
			buildActionMask = 2147483647;
			files = (
			);
			inputFileListPaths = (
				"${PODS_ROOT}/Target Support Files/Pods-CDALocation/Pods-CDALocation-frameworks-${CONFIGURATION}-input-files.xcfilelist",
			);
			name = "[CP] Embed Pods Frameworks";
			outputFileListPaths = (
				"${PODS_ROOT}/Target Support Files/Pods-CDALocation/Pods-CDALocation-frameworks-${CONFIGURATION}-output-files.xcfilelist",
			);
			runOnlyForDeploymentPostprocessing = 0;
			shellPath = /bin/sh;
			shellScript = "\"${PODS_ROOT}/Target Support Files/Pods-CDALocation/Pods-CDALocation-frameworks.sh\"\n";
			showEnvVarsInLog = 0;
		};
		9D6A83E82603FF205BFEE76C /* [CP] Check Pods Manifest.lock */ = {
			isa = PBXShellScriptBuildPhase;
			buildActionMask = 2147483647;
			files = (
			);
			inputFileListPaths = (
			);
			inputPaths = (
				"${PODS_PODFILE_DIR_PATH}/Podfile.lock",
				"${PODS_ROOT}/Manifest.lock",
			);
			name = "[CP] Check Pods Manifest.lock";
			outputFileListPaths = (
			);
			outputPaths = (
				"$(DERIVED_FILE_DIR)/Pods-CDALocation-checkManifestLockResult.txt",
			);
			runOnlyForDeploymentPostprocessing = 0;
			shellPath = /bin/sh;
			shellScript = "diff \"${PODS_PODFILE_DIR_PATH}/Podfile.lock\" \"${PODS_ROOT}/Manifest.lock\" > /dev/null\nif [ $? != 0 ] ; then\n    # print error to STDERR\n    echo \"error: The sandbox is not in sync with the Podfile.lock. Run 'pod install' or update your CocoaPods installation.\" >&2\n    exit 1\nfi\n# This output is used by Xcode 'outputs' to avoid re-running this script phase.\necho \"SUCCESS\" > \"${SCRIPT_OUTPUT_FILE_0}\"\n";
			showEnvVarsInLog = 0;
		};
/* End PBXShellScriptBuildPhase section */

/* Begin PBXSourcesBuildPhase section */
		328493A72644FB02000B1C13 /* Sources */ = {
			isa = PBXSourcesBuildPhase;
			buildActionMask = 2147483647;
			files = (
				328493B32644FB02000B1C13 /* ViewController.swift in Sources */,
				328493AF2644FB02000B1C13 /* AppDelegate.swift in Sources */,
				328493B12644FB02000B1C13 /* SceneDelegate.swift in Sources */,
				328493C42644FBDA000B1C13 /* CDALocationManager.swift in Sources */,
			);
			runOnlyForDeploymentPostprocessing = 0;
		};
/* End PBXSourcesBuildPhase section */

/* Begin PBXVariantGroup section */
		328493B42644FB02000B1C13 /* Main.storyboard */ = {
			isa = PBXVariantGroup;
			children = (
				328493B52644FB02000B1C13 /* Base */,
			);
			name = Main.storyboard;
			sourceTree = "<group>";
		};
		328493B92644FB05000B1C13 /* LaunchScreen.storyboard */ = {
			isa = PBXVariantGroup;
			children = (
				328493BA2644FB05000B1C13 /* Base */,
			);
			name = LaunchScreen.storyboard;
			sourceTree = "<group>";
		};
/* End PBXVariantGroup section */

/* Begin XCBuildConfiguration section */
		328493BD2644FB05000B1C13 /* Debug */ = {
			isa = XCBuildConfiguration;
			buildSettings = {
				ALWAYS_SEARCH_USER_PATHS = NO;
				CLANG_ANALYZER_NONNULL = YES;
				CLANG_ANALYZER_NUMBER_OBJECT_CONVERSION = YES_AGGRESSIVE;
				CLANG_CXX_LANGUAGE_STANDARD = "gnu++14";
				CLANG_CXX_LIBRARY = "libc++";
				CLANG_ENABLE_MODULES = YES;
				CLANG_ENABLE_OBJC_ARC = YES;
				CLANG_ENABLE_OBJC_WEAK = YES;
				CLANG_WARN_BLOCK_CAPTURE_AUTORELEASING = YES;
				CLANG_WARN_BOOL_CONVERSION = YES;
				CLANG_WARN_COMMA = YES;
				CLANG_WARN_CONSTANT_CONVERSION = YES;
				CLANG_WARN_DEPRECATED_OBJC_IMPLEMENTATIONS = YES;
				CLANG_WARN_DIRECT_OBJC_ISA_USAGE = YES_ERROR;
				CLANG_WARN_DOCUMENTATION_COMMENTS = YES;
				CLANG_WARN_EMPTY_BODY = YES;
				CLANG_WARN_ENUM_CONVERSION = YES;
				CLANG_WARN_INFINITE_RECURSION = YES;
				CLANG_WARN_INT_CONVERSION = YES;
				CLANG_WARN_NON_LITERAL_NULL_CONVERSION = YES;
				CLANG_WARN_OBJC_IMPLICIT_RETAIN_SELF = YES;
				CLANG_WARN_OBJC_LITERAL_CONVERSION = YES;
				CLANG_WARN_OBJC_ROOT_CLASS = YES_ERROR;
				CLANG_WARN_QUOTED_INCLUDE_IN_FRAMEWORK_HEADER = YES;
				CLANG_WARN_RANGE_LOOP_ANALYSIS = YES;
				CLANG_WARN_STRICT_PROTOTYPES = YES;
				CLANG_WARN_SUSPICIOUS_MOVE = YES;
				CLANG_WARN_UNGUARDED_AVAILABILITY = YES_AGGRESSIVE;
				CLANG_WARN_UNREACHABLE_CODE = YES;
				CLANG_WARN__DUPLICATE_METHOD_MATCH = YES;
				COPY_PHASE_STRIP = NO;
				DEBUG_INFORMATION_FORMAT = dwarf;
				ENABLE_STRICT_OBJC_MSGSEND = YES;
				ENABLE_TESTABILITY = YES;
				GCC_C_LANGUAGE_STANDARD = gnu11;
				GCC_DYNAMIC_NO_PIC = NO;
				GCC_NO_COMMON_BLOCKS = YES;
				GCC_OPTIMIZATION_LEVEL = 0;
				GCC_PREPROCESSOR_DEFINITIONS = (
					"DEBUG=1",
					"$(inherited)",
				);
				GCC_WARN_64_TO_32_BIT_CONVERSION = YES;
				GCC_WARN_ABOUT_RETURN_TYPE = YES_ERROR;
				GCC_WARN_UNDECLARED_SELECTOR = YES;
				GCC_WARN_UNINITIALIZED_AUTOS = YES_AGGRESSIVE;
				GCC_WARN_UNUSED_FUNCTION = YES;
				GCC_WARN_UNUSED_VARIABLE = YES;
				IPHONEOS_DEPLOYMENT_TARGET = 14.5;
				MTL_ENABLE_DEBUG_INFO = INCLUDE_SOURCE;
				MTL_FAST_MATH = YES;
				ONLY_ACTIVE_ARCH = YES;
				SDKROOT = iphoneos;
				SWIFT_ACTIVE_COMPILATION_CONDITIONS = DEBUG;
				SWIFT_OPTIMIZATION_LEVEL = "-Onone";
			};
			name = Debug;
		};
		328493BE2644FB05000B1C13 /* Release */ = {
			isa = XCBuildConfiguration;
			buildSettings = {
				ALWAYS_SEARCH_USER_PATHS = NO;
				CLANG_ANALYZER_NONNULL = YES;
				CLANG_ANALYZER_NUMBER_OBJECT_CONVERSION = YES_AGGRESSIVE;
				CLANG_CXX_LANGUAGE_STANDARD = "gnu++14";
				CLANG_CXX_LIBRARY = "libc++";
				CLANG_ENABLE_MODULES = YES;
				CLANG_ENABLE_OBJC_ARC = YES;
				CLANG_ENABLE_OBJC_WEAK = YES;
				CLANG_WARN_BLOCK_CAPTURE_AUTORELEASING = YES;
				CLANG_WARN_BOOL_CONVERSION = YES;
				CLANG_WARN_COMMA = YES;
				CLANG_WARN_CONSTANT_CONVERSION = YES;
				CLANG_WARN_DEPRECATED_OBJC_IMPLEMENTATIONS = YES;
				CLANG_WARN_DIRECT_OBJC_ISA_USAGE = YES_ERROR;
				CLANG_WARN_DOCUMENTATION_COMMENTS = YES;
				CLANG_WARN_EMPTY_BODY = YES;
				CLANG_WARN_ENUM_CONVERSION = YES;
				CLANG_WARN_INFINITE_RECURSION = YES;
				CLANG_WARN_INT_CONVERSION = YES;
				CLANG_WARN_NON_LITERAL_NULL_CONVERSION = YES;
				CLANG_WARN_OBJC_IMPLICIT_RETAIN_SELF = YES;
				CLANG_WARN_OBJC_LITERAL_CONVERSION = YES;
				CLANG_WARN_OBJC_ROOT_CLASS = YES_ERROR;
				CLANG_WARN_QUOTED_INCLUDE_IN_FRAMEWORK_HEADER = YES;
				CLANG_WARN_RANGE_LOOP_ANALYSIS = YES;
				CLANG_WARN_STRICT_PROTOTYPES = YES;
				CLANG_WARN_SUSPICIOUS_MOVE = YES;
				CLANG_WARN_UNGUARDED_AVAILABILITY = YES_AGGRESSIVE;
				CLANG_WARN_UNREACHABLE_CODE = YES;
				CLANG_WARN__DUPLICATE_METHOD_MATCH = YES;
				COPY_PHASE_STRIP = NO;
				DEBUG_INFORMATION_FORMAT = "dwarf-with-dsym";
				ENABLE_NS_ASSERTIONS = NO;
				ENABLE_STRICT_OBJC_MSGSEND = YES;
				GCC_C_LANGUAGE_STANDARD = gnu11;
				GCC_NO_COMMON_BLOCKS = YES;
				GCC_WARN_64_TO_32_BIT_CONVERSION = YES;
				GCC_WARN_ABOUT_RETURN_TYPE = YES_ERROR;
				GCC_WARN_UNDECLARED_SELECTOR = YES;
				GCC_WARN_UNINITIALIZED_AUTOS = YES_AGGRESSIVE;
				GCC_WARN_UNUSED_FUNCTION = YES;
				GCC_WARN_UNUSED_VARIABLE = YES;
				IPHONEOS_DEPLOYMENT_TARGET = 14.5;
				MTL_ENABLE_DEBUG_INFO = NO;
				MTL_FAST_MATH = YES;
				SDKROOT = iphoneos;
				SWIFT_COMPILATION_MODE = wholemodule;
				SWIFT_OPTIMIZATION_LEVEL = "-O";
				VALIDATE_PRODUCT = YES;
			};
			name = Release;
		};
		328493C02644FB05000B1C13 /* Debug */ = {
			isa = XCBuildConfiguration;
			baseConfigurationReference = 54349E38EE6E7903B96A46D1 /* Pods-CDALocation.debug.xcconfig */;
			buildSettings = {
				ASSETCATALOG_COMPILER_APPICON_NAME = AppIcon;
				ASSETCATALOG_COMPILER_GLOBAL_ACCENT_COLOR_NAME = AccentColor;
				CODE_SIGN_STYLE = Automatic;
				DEVELOPMENT_TEAM = 38VT3MSS8Q;
				INFOPLIST_FILE = CDALocation/Info.plist;
				IPHONEOS_DEPLOYMENT_TARGET = 13.2;
				LD_RUNPATH_SEARCH_PATHS = (
					"$(inherited)",
					"@executable_path/Frameworks",
				);
				PRODUCT_BUNDLE_IDENTIFIER = com.ynonan.CDALocation;
				PRODUCT_NAME = "$(TARGET_NAME)";
				SWIFT_VERSION = 5.0;
				TARGETED_DEVICE_FAMILY = "1,2";
			};
			name = Debug;
		};
		328493C12644FB05000B1C13 /* Release */ = {
			isa = XCBuildConfiguration;
			baseConfigurationReference = 1737AE69B1095055D43D4A42 /* Pods-CDALocation.release.xcconfig */;
			buildSettings = {
				ASSETCATALOG_COMPILER_APPICON_NAME = AppIcon;
				ASSETCATALOG_COMPILER_GLOBAL_ACCENT_COLOR_NAME = AccentColor;
				CODE_SIGN_STYLE = Automatic;
				DEVELOPMENT_TEAM = 38VT3MSS8Q;
				INFOPLIST_FILE = CDALocation/Info.plist;
				IPHONEOS_DEPLOYMENT_TARGET = 13.2;
				LD_RUNPATH_SEARCH_PATHS = (
					"$(inherited)",
					"@executable_path/Frameworks",
				);
				PRODUCT_BUNDLE_IDENTIFIER = com.ynonan.CDALocation;
				PRODUCT_NAME = "$(TARGET_NAME)";
				SWIFT_VERSION = 5.0;
				TARGETED_DEVICE_FAMILY = "1,2";
			};
			name = Release;
		};
/* End XCBuildConfiguration section */

/* Begin XCConfigurationList section */
		328493A62644FB01000B1C13 /* Build configuration list for PBXProject "CDALocation" */ = {
			isa = XCConfigurationList;
			buildConfigurations = (
				328493BD2644FB05000B1C13 /* Debug */,
				328493BE2644FB05000B1C13 /* Release */,
			);
			defaultConfigurationIsVisible = 0;
			defaultConfigurationName = Release;
		};
		328493BF2644FB05000B1C13 /* Build configuration list for PBXNativeTarget "CDALocation" */ = {
			isa = XCConfigurationList;
			buildConfigurations = (
				328493C02644FB05000B1C13 /* Debug */,
				328493C12644FB05000B1C13 /* Release */,
			);
			defaultConfigurationIsVisible = 0;
			defaultConfigurationName = Release;
		};
/* End XCConfigurationList section */
	};
	rootObject = 328493A32644FB01000B1C13 /* Project object */;
}
