// !$*UTF8*$!
{
	archiveVersion = 1;
	classes = {
	};
	objectVersion = 50;
	objects = {

/* Begin PBXBuildFile section */
		3284938C2644F935000B1C13 /* AppDelegate.swift in Sources */ = {isa = PBXBuildFile; fileRef = 3284938B2644F935000B1C13 /* AppDelegate.swift */; };
		3284938E2644F935000B1C13 /* SceneDelegate.swift in Sources */ = {isa = PBXBuildFile; fileRef = 3284938D2644F935000B1C13 /* SceneDelegate.swift */; };
		328493902644F935000B1C13 /* ViewController.swift in Sources */ = {isa = PBXBuildFile; fileRef = 3284938F2644F935000B1C13 /* ViewController.swift */; };
		328493932644F935000B1C13 /* Main.storyboard in Resources */ = {isa = PBXBuildFile; fileRef = 328493912644F935000B1C13 /* Main.storyboard */; };
		328493952644F938000B1C13 /* Assets.xcassets in Resources */ = {isa = PBXBuildFile; fileRef = 328493942644F938000B1C13 /* Assets.xcassets */; };
		328493982644F938000B1C13 /* LaunchScreen.storyboard in Resources */ = {isa = PBXBuildFile; fileRef = 328493962644F938000B1C13 /* LaunchScreen.storyboard */; };
		328493A12644FA27000B1C13 /* CDAImageDownload.swift in Sources */ = {isa = PBXBuildFile; fileRef = 328493A02644FA27000B1C13 /* CDAImageDownload.swift */; };
/* End PBXBuildFile section */

/* Begin PBXFileReference section */
		328493882644F935000B1C13 /* CDADownload.app */ = {isa = PBXFileReference; explicitFileType = wrapper.application; includeInIndex = 0; path = CDADownload.app; sourceTree = BUILT_PRODUCTS_DIR; };
		3284938B2644F935000B1C13 /* AppDelegate.swift */ = {isa = PBXFileReference; lastKnownFileType = sourcecode.swift; path = AppDelegate.swift; sourceTree = "<group>"; };
		3284938D2644F935000B1C13 /* SceneDelegate.swift */ = {isa = PBXFileReference; lastKnownFileType = sourcecode.swift; path = SceneDelegate.swift; sourceTree = "<group>"; };
		3284938F2644F935000B1C13 /* ViewController.swift */ = {isa = PBXFileReference; lastKnownFileType = sourcecode.swift; path = ViewController.swift; sourceTree = "<group>"; };
		328493922644F935000B1C13 /* Base */ = {isa = PBXFileReference; lastKnownFileType = file.storyboard; name = Base; path = Base.lproj/Main.storyboard; sourceTree = "<group>"; };
		328493942644F938000B1C13 /* Assets.xcassets */ = {isa = PBXFileReference; lastKnownFileType = folder.assetcatalog; path = Assets.xcassets; sourceTree = "<group>"; };
		328493972644F938000B1C13 /* Base */ = {isa = PBXFileReference; lastKnownFileType = file.storyboard; name = Base; path = Base.lproj/LaunchScreen.storyboard; sourceTree = "<group>"; };
		328493992644F938000B1C13 /* Info.plist */ = {isa = PBXFileReference; lastKnownFileType = text.plist.xml; path = Info.plist; sourceTree = "<group>"; };
		328493A02644FA27000B1C13 /* CDAImageDownload.swift */ = {isa = PBXFileReference; lastKnownFileType = sourcecode.swift; path = CDAImageDownload.swift; sourceTree = "<group>"; };
/* End PBXFileReference section */

/* Begin PBXFrameworksBuildPhase section */
		328493852644F935000B1C13 /* Frameworks */ = {
			isa = PBXFrameworksBuildPhase;
			buildActionMask = 2147483647;
			files = (
			);
			runOnlyForDeploymentPostprocessing = 0;
		};
/* End PBXFrameworksBuildPhase section */

/* Begin PBXGroup section */
		3284937F2644F935000B1C13 = {
			isa = PBXGroup;
			children = (
				3284938A2644F935000B1C13 /* CDADownload */,
				328493892644F935000B1C13 /* Products */,
			);
			sourceTree = "<group>";
		};
		328493892644F935000B1C13 /* Products */ = {
			isa = PBXGroup;
			children = (
				328493882644F935000B1C13 /* CDADownload.app */,
			);
			name = Products;
			sourceTree = "<group>";
		};
		3284938A2644F935000B1C13 /* CDADownload */ = {
			isa = PBXGroup;
			children = (
				3284939F2644F9E4000B1C13 /* Classes */,
				3284938B2644F935000B1C13 /* AppDelegate.swift */,
				3284938D2644F935000B1C13 /* SceneDelegate.swift */,
				3284938F2644F935000B1C13 /* ViewController.swift */,
				328493912644F935000B1C13 /* Main.storyboard */,
				328493942644F938000B1C13 /* Assets.xcassets */,
				328493962644F938000B1C13 /* LaunchScreen.storyboard */,
				328493992644F938000B1C13 /* Info.plist */,
			);
			path = CDADownload;
			sourceTree = "<group>";
		};
		3284939F2644F9E4000B1C13 /* Classes */ = {
			isa = PBXGroup;
			children = (
				328493A02644FA27000B1C13 /* CDAImageDownload.swift */,
			);
			path = Classes;
			sourceTree = "<group>";
		};
/* End PBXGroup section */

/* Begin PBXNativeTarget section */
		328493872644F935000B1C13 /* CDADownload */ = {
			isa = PBXNativeTarget;
			buildConfigurationList = 3284939C2644F938000B1C13 /* Build configuration list for PBXNativeTarget "CDADownload" */;
			buildPhases = (
				328493842644F935000B1C13 /* Sources */,
				328493852644F935000B1C13 /* Frameworks */,
				328493862644F935000B1C13 /* Resources */,
			);
			buildRules = (
			);
			dependencies = (
			);
			name = CDADownload;
			productName = CDADownload;
			productReference = 328493882644F935000B1C13 /* CDADownload.app */;
			productType = "com.apple.product-type.application";
		};
/* End PBXNativeTarget section */

/* Begin PBXProject section */
		328493802644F935000B1C13 /* Project object */ = {
			isa = PBXProject;
			attributes = {
				LastSwiftUpdateCheck = 1250;
				LastUpgradeCheck = 1250;
				TargetAttributes = {
					328493872644F935000B1C13 = {
						CreatedOnToolsVersion = 12.5;
					};
				};
			};
			buildConfigurationList = 328493832644F935000B1C13 /* Build configuration list for PBXProject "CDADownload" */;
			compatibilityVersion = "Xcode 9.3";
			developmentRegion = en;
			hasScannedForEncodings = 0;
			knownRegions = (
				en,
				Base,
			);
			mainGroup = 3284937F2644F935000B1C13;
			productRefGroup = 328493892644F935000B1C13 /* Products */;
			projectDirPath = "";
			projectRoot = "";
			targets = (
				328493872644F935000B1C13 /* CDADownload */,
			);
		};
/* End PBXProject section */

/* Begin PBXResourcesBuildPhase section */
		328493862644F935000B1C13 /* Resources */ = {
			isa = PBXResourcesBuildPhase;
			buildActionMask = 2147483647;
			files = (
				328493982644F938000B1C13 /* LaunchScreen.storyboard in Resources */,
				328493952644F938000B1C13 /* Assets.xcassets in Resources */,
				328493932644F935000B1C13 /* Main.storyboard in Resources */,
			);
			runOnlyForDeploymentPostprocessing = 0;
		};
/* End PBXResourcesBuildPhase section */

/* Begin PBXSourcesBuildPhase section */
		328493842644F935000B1C13 /* Sources */ = {
			isa = PBXSourcesBuildPhase;
			buildActionMask = 2147483647;
			files = (
				328493A12644FA27000B1C13 /* CDAImageDownload.swift in Sources */,
				328493902644F935000B1C13 /* ViewController.swift in Sources */,
				3284938C2644F935000B1C13 /* AppDelegate.swift in Sources */,
				3284938E2644F935000B1C13 /* SceneDelegate.swift in Sources */,
			);
			runOnlyForDeploymentPostprocessing = 0;
		};
/* End PBXSourcesBuildPhase section */

/* Begin PBXVariantGroup section */
		328493912644F935000B1C13 /* Main.storyboard */ = {
			isa = PBXVariantGroup;
			children = (
				328493922644F935000B1C13 /* Base */,
			);
			name = Main.storyboard;
			sourceTree = "<group>";
		};
		328493962644F938000B1C13 /* LaunchScreen.storyboard */ = {
			isa = PBXVariantGroup;
			children = (
				328493972644F938000B1C13 /* Base */,
			);
			name = LaunchScreen.storyboard;
			sourceTree = "<group>";
		};
/* End PBXVariantGroup section */

/* Begin XCBuildConfiguration section */
		3284939A2644F938000B1C13 /* Debug */ = {
			isa = XCBuildConfiguration;
			buildSettings = {
				ALWAYS_SEARCH_USER_PATHS = NO;
				CLANG_ANALYZER_NONNULL = YES;
				CLANG_ANALYZER_NUMBER_OBJECT_CONVERSION = YES_AGGRESSIVE;
				CLANG_CXX_LANGUAGE_STANDARD = "gnu++14";
				CLANG_CXX_LIBRARY = "libc++";
				CLANG_ENABLE_MODULES = YES;
				CLANG_ENABLE_OBJC_ARC = YES;
				CLANG_ENABLE_OBJC_WEAK = YES;
				CLANG_WARN_BLOCK_CAPTURE_AUTORELEASING = YES;
				CLANG_WARN_BOOL_CONVERSION = YES;
				CLANG_WARN_COMMA = YES;
				CLANG_WARN_CONSTANT_CONVERSION = YES;
				CLANG_WARN_DEPRECATED_OBJC_IMPLEMENTATIONS = YES;
				CLANG_WARN_DIRECT_OBJC_ISA_USAGE = YES_ERROR;
				CLANG_WARN_DOCUMENTATION_COMMENTS = YES;
				CLANG_WARN_EMPTY_BODY = YES;
				CLANG_WARN_ENUM_CONVERSION = YES;
				CLANG_WARN_INFINITE_RECURSION = YES;
				CLANG_WARN_INT_CONVERSION = YES;
				CLANG_WARN_NON_LITERAL_NULL_CONVERSION = YES;
				CLANG_WARN_OBJC_IMPLICIT_RETAIN_SELF = YES;
				CLANG_WARN_OBJC_LITERAL_CONVERSION = YES;
				CLANG_WARN_OBJC_ROOT_CLASS = YES_ERROR;
				CLANG_WARN_QUOTED_INCLUDE_IN_FRAMEWORK_HEADER = YES;
				CLANG_WARN_RANGE_LOOP_ANALYSIS = YES;
				CLANG_WARN_STRICT_PROTOTYPES = YES;
				CLANG_WARN_SUSPICIOUS_MOVE = YES;
				CLANG_WARN_UNGUARDED_AVAILABILITY = YES_AGGRESSIVE;
				CLANG_WARN_UNREACHABLE_CODE = YES;
				CLANG_WARN__DUPLICATE_METHOD_MATCH = YES;
				COPY_PHASE_STRIP = NO;
				DEBUG_INFORMATION_FORMAT = dwarf;
				ENABLE_STRICT_OBJC_MSGSEND = YES;
				ENABLE_TESTABILITY = YES;
				GCC_C_LANGUAGE_STANDARD = gnu11;
				GCC_DYNAMIC_NO_PIC = NO;
				GCC_NO_COMMON_BLOCKS = YES;
				GCC_OPTIMIZATION_LEVEL = 0;
				GCC_PREPROCESSOR_DEFINITIONS = (
					"DEBUG=1",
					"$(inherited)",
				);
				GCC_WARN_64_TO_32_BIT_CONVERSION = YES;
				GCC_WARN_ABOUT_RETURN_TYPE = YES_ERROR;
				GCC_WARN_UNDECLARED_SELECTOR = YES;
				GCC_WARN_UNINITIALIZED_AUTOS = YES_AGGRESSIVE;
				GCC_WARN_UNUSED_FUNCTION = YES;
				GCC_WARN_UNUSED_VARIABLE = YES;
				IPHONEOS_DEPLOYMENT_TARGET = 14.5;
				MTL_ENABLE_DEBUG_INFO = INCLUDE_SOURCE;
				MTL_FAST_MATH = YES;
				ONLY_ACTIVE_ARCH = YES;
				SDKROOT = iphoneos;
				SWIFT_ACTIVE_COMPILATION_CONDITIONS = DEBUG;
				SWIFT_OPTIMIZATION_LEVEL = "-Onone";
			};
			name = Debug;
		};
		3284939B2644F938000B1C13 /* Release */ = {
			isa = XCBuildConfiguration;
			buildSettings = {
				ALWAYS_SEARCH_USER_PATHS = NO;
				CLANG_ANALYZER_NONNULL = YES;
				CLANG_ANALYZER_NUMBER_OBJECT_CONVERSION = YES_AGGRESSIVE;
				CLANG_CXX_LANGUAGE_STANDARD = "gnu++14";
				CLANG_CXX_LIBRARY = "libc++";
				CLANG_ENABLE_MODULES = YES;
				CLANG_ENABLE_OBJC_ARC = YES;
				CLANG_ENABLE_OBJC_WEAK = YES;
				CLANG_WARN_BLOCK_CAPTURE_AUTORELEASING = YES;
				CLANG_WARN_BOOL_CONVERSION = YES;
				CLANG_WARN_COMMA = YES;
				CLANG_WARN_CONSTANT_CONVERSION = YES;
				CLANG_WARN_DEPRECATED_OBJC_IMPLEMENTATIONS = YES;
				CLANG_WARN_DIRECT_OBJC_ISA_USAGE = YES_ERROR;
				CLANG_WARN_DOCUMENTATION_COMMENTS = YES;
				CLANG_WARN_EMPTY_BODY = YES;
				CLANG_WARN_ENUM_CONVERSION = YES;
				CLANG_WARN_INFINITE_RECURSION = YES;
				CLANG_WARN_INT_CONVERSION = YES;
				CLANG_WARN_NON_LITERAL_NULL_CONVERSION = YES;
				CLANG_WARN_OBJC_IMPLICIT_RETAIN_SELF = YES;
				CLANG_WARN_OBJC_LITERAL_CONVERSION = YES;
				CLANG_WARN_OBJC_ROOT_CLASS = YES_ERROR;
				CLANG_WARN_QUOTED_INCLUDE_IN_FRAMEWORK_HEADER = YES;
				CLANG_WARN_RANGE_LOOP_ANALYSIS = YES;
				CLANG_WARN_STRICT_PROTOTYPES = YES;
				CLANG_WARN_SUSPICIOUS_MOVE = YES;
				CLANG_WARN_UNGUARDED_AVAILABILITY = YES_AGGRESSIVE;
				CLANG_WARN_UNREACHABLE_CODE = YES;
				CLANG_WARN__DUPLICATE_METHOD_MATCH = YES;
				COPY_PHASE_STRIP = NO;
				DEBUG_INFORMATION_FORMAT = "dwarf-with-dsym";
				ENABLE_NS_ASSERTIONS = NO;
				ENABLE_STRICT_OBJC_MSGSEND = YES;
				GCC_C_LANGUAGE_STANDARD = gnu11;
				GCC_NO_COMMON_BLOCKS = YES;
				GCC_WARN_64_TO_32_BIT_CONVERSION = YES;
				GCC_WARN_ABOUT_RETURN_TYPE = YES_ERROR;
				GCC_WARN_UNDECLARED_SELECTOR = YES;
				GCC_WARN_UNINITIALIZED_AUTOS = YES_AGGRESSIVE;
				GCC_WARN_UNUSED_FUNCTION = YES;
				GCC_WARN_UNUSED_VARIABLE = YES;
				IPHONEOS_DEPLOYMENT_TARGET = 14.5;
				MTL_ENABLE_DEBUG_INFO = NO;
				MTL_FAST_MATH = YES;
				SDKROOT = iphoneos;
				SWIFT_COMPILATION_MODE = wholemodule;
				SWIFT_OPTIMIZATION_LEVEL = "-O";
				VALIDATE_PRODUCT = YES;
			};
			name = Release;
		};
		3284939D2644F938000B1C13 /* Debug */ = {
			isa = XCBuildConfiguration;
			buildSettings = {
				ASSETCATALOG_COMPILER_APPICON_NAME = AppIcon;
				ASSETCATALOG_COMPILER_GLOBAL_ACCENT_COLOR_NAME = AccentColor;
				CODE_SIGN_STYLE = Automatic;
				DEVELOPMENT_TEAM = 38VT3MSS8Q;
				INFOPLIST_FILE = CDADownload/Info.plist;
				LD_RUNPATH_SEARCH_PATHS = (
					"$(inherited)",
					"@executable_path/Frameworks",
				);
				PRODUCT_BUNDLE_IDENTIFIER = com.ynonan.CDADownload;
				PRODUCT_NAME = "$(TARGET_NAME)";
				SWIFT_VERSION = 5.0;
				TARGETED_DEVICE_FAMILY = "1,2";
			};
			name = Debug;
		};
		3284939E2644F938000B1C13 /* Release */ = {
			isa = XCBuildConfiguration;
			buildSettings = {
				ASSETCATALOG_COMPILER_APPICON_NAME = AppIcon;
				ASSETCATALOG_COMPILER_GLOBAL_ACCENT_COLOR_NAME = AccentColor;
				CODE_SIGN_STYLE = Automatic;
				DEVELOPMENT_TEAM = 38VT3MSS8Q;
				INFOPLIST_FILE = CDADownload/Info.plist;
				LD_RUNPATH_SEARCH_PATHS = (
					"$(inherited)",
					"@executable_path/Frameworks",
				);
				PRODUCT_BUNDLE_IDENTIFIER = com.ynonan.CDADownload;
				PRODUCT_NAME = "$(TARGET_NAME)";
				SWIFT_VERSION = 5.0;
				TARGETED_DEVICE_FAMILY = "1,2";
			};
			name = Release;
		};
/* End XCBuildConfiguration section */

/* Begin XCConfigurationList section */
		328493832644F935000B1C13 /* Build configuration list for PBXProject "CDADownload" */ = {
			isa = XCConfigurationList;
			buildConfigurations = (
				3284939A2644F938000B1C13 /* Debug */,
				3284939B2644F938000B1C13 /* Release */,
			);
			defaultConfigurationIsVisible = 0;
			defaultConfigurationName = Release;
		};
		3284939C2644F938000B1C13 /* Build configuration list for PBXNativeTarget "CDADownload" */ = {
			isa = XCConfigurationList;
			buildConfigurations = (
				3284939D2644F938000B1C13 /* Debug */,
				3284939E2644F938000B1C13 /* Release */,
			);
			defaultConfigurationIsVisible = 0;
			defaultConfigurationName = Release;
		};
/* End XCConfigurationList section */
	};
	rootObject = 328493802644F935000B1C13 /* Project object */;
}
